
Microsoft Visual Studio Solution File, Format Version 12.00
# Visual Studio Version 16
VisualStudioVersion = 16.0.33027.164
MinimumVisualStudioVersion = 10.0.40219.1
Project("{FAE04EC0-301F-11D3-BF4B-00C04F79EFBC}") = "TestCoderbyte", "TestCoderbyte.csproj", "{558181F5-8997-401C-B15E-7CAF1A5EB060}"
EndProject
Global
	GlobalSection(SolutionConfigurationPlatforms) = preSolution
		Debug|Any CPU = Debug|Any CPU
		Release|Any CPU = Release|Any CPU
	EndGlobalSection
	GlobalSection(ProjectConfigurationPlatforms) = postSolution
		{558181F5-8997-401C-B15E-7CAF1A5EB060}.Debug|Any CPU.ActiveCfg = Debug|Any CPU
		{558181F5-8997-401C-B15E-7CAF1A5EB060}.Debug|Any CPU.Build.0 = Debug|Any CPU
		{558181F5-8997-401C-B15E-7CAF1A5EB060}.Release|Any CPU.ActiveCfg = Release|Any CPU
		{558181F5-8997-401C-B15E-7CAF1A5EB060}.Release|Any CPU.Build.0 = Release|Any CPU
	EndGlobalSection
	GlobalSection(SolutionProperties) = preSolution
		HideSolutionNode = FALSE
	EndGlobalSection
	GlobalSection(ExtensibilityGlobals) = postSolution
		SolutionGuid = {339D7D11-92B2-4EA4-A018-3783CF57BF1F}
	EndGlobalSection
EndGlobal
